
Microsoft Visual Studio Solution File, Format Version 12.00
# Visual Studio Version 16
VisualStudioVersion = 16.0.31727.386
MinimumVisualStudioVersion = 10.0.40219.1
Project("{FAE04EC0-301F-11D3-BF4B-00C04F79EFBC}") = "ED_Diccionarios_", "ED_Diccionarios_.csproj", "{952A98AC-C78D-408B-9184-40A487EFBD4D}"
EndProject
Global
	GlobalSection(SolutionConfigurationPlatforms) = preSolution
		Debug|Any CPU = Debug|Any CPU
		Release|Any CPU = Release|Any CPU
	EndGlobalSection
	GlobalSection(ProjectConfigurationPlatforms) = postSolution
		{952A98AC-C78D-408B-9184-40A487EFBD4D}.Debug|Any CPU.ActiveCfg = Debug|Any CPU
		{952A98AC-C78D-408B-9184-40A487EFBD4D}.Debug|Any CPU.Build.0 = Debug|Any CPU
		{952A98AC-C78D-408B-9184-40A487EFBD4D}.Release|Any CPU.ActiveCfg = Release|Any CPU
		{952A98AC-C78D-408B-9184-40A487EFBD4D}.Release|Any CPU.Build.0 = Release|Any CPU
	EndGlobalSection
	GlobalSection(SolutionProperties) = preSolution
		HideSolutionNode = FALSE
	EndGlobalSection
	GlobalSection(ExtensibilityGlobals) = postSolution
		SolutionGuid = {CB743455-6DD0-4B75-897E-179F529032F6}
	EndGlobalSection
EndGlobal
